# This file is autogenerated, do not edit; changes may be undone by the next 'dep ensure'.


[[projects]]
  branch = "master"
  name = "github.com/seungbemi/gofred"
  packages = ["."]
  revision = "1c67ae091ffe62ca983b9417db5a05d29a2b4bf9"

[solve-meta]
  analyzer-name = "dep"
  analyzer-version = 1
  inputs-digest = "df44b7e7b99fca6a2fe27e7a9c9080b3b51596f740426fa62671fd6a8a18d8d2"
  solver-name = "gps-cdcl"
  solver-version = 1
